
Microsoft Visual Studio Solution File, Format Version 12.00
# Visual Studio Version 17
VisualStudioVersion = 17.7.34031.279
MinimumVisualStudioVersion = 10.0.40219.1
Project("{FAE04EC0-301F-11D3-BF4B-00C04F79EFBC}") = "Wallet.DAL", "Wallet.DAL\Wallet.DAL.csproj", "{AC751BE3-4833-4DBC-9B74-5942CA2BC4E8}"
EndProject
Project("{FAE04EC0-301F-11D3-BF4B-00C04F79EFBC}") = "Wallet.BLL", "Wallet.BLL\Wallet.BLL.csproj", "{4B087724-E61D-436E-86B2-2349324609DA}"
EndProject
Project("{FAE04EC0-301F-11D3-BF4B-00C04F79EFBC}") = "Wallet.API", "Wallet.API\Wallet.API.csproj", "{F443AEE5-3750-479F-958F-0ADB2AC21FCB}"
EndProject
Global
	GlobalSection(SolutionConfigurationPlatforms) = preSolution
		Debug|Any CPU = Debug|Any CPU
		Release|Any CPU = Release|Any CPU
	EndGlobalSection
	GlobalSection(ProjectConfigurationPlatforms) = postSolution
		{AC751BE3-4833-4DBC-9B74-5942CA2BC4E8}.Debug|Any CPU.ActiveCfg = Debug|Any CPU
		{AC751BE3-4833-4DBC-9B74-5942CA2BC4E8}.Debug|Any CPU.Build.0 = Debug|Any CPU
		{AC751BE3-4833-4DBC-9B74-5942CA2BC4E8}.Release|Any CPU.ActiveCfg = Release|Any CPU
		{AC751BE3-4833-4DBC-9B74-5942CA2BC4E8}.Release|Any CPU.Build.0 = Release|Any CPU
		{4B087724-E61D-436E-86B2-2349324609DA}.Debug|Any CPU.ActiveCfg = Debug|Any CPU
		{4B087724-E61D-436E-86B2-2349324609DA}.Debug|Any CPU.Build.0 = Debug|Any CPU
		{4B087724-E61D-436E-86B2-2349324609DA}.Release|Any CPU.ActiveCfg = Release|Any CPU
		{4B087724-E61D-436E-86B2-2349324609DA}.Release|Any CPU.Build.0 = Release|Any CPU
		{F443AEE5-3750-479F-958F-0ADB2AC21FCB}.Debug|Any CPU.ActiveCfg = Debug|Any CPU
		{F443AEE5-3750-479F-958F-0ADB2AC21FCB}.Debug|Any CPU.Build.0 = Debug|Any CPU
		{F443AEE5-3750-479F-958F-0ADB2AC21FCB}.Release|Any CPU.ActiveCfg = Release|Any CPU
		{F443AEE5-3750-479F-958F-0ADB2AC21FCB}.Release|Any CPU.Build.0 = Release|Any CPU
	EndGlobalSection
	GlobalSection(SolutionProperties) = preSolution
		HideSolutionNode = FALSE
	EndGlobalSection
	GlobalSection(ExtensibilityGlobals) = postSolution
		SolutionGuid = {A4F669D0-A759-4267-B234-72B662E87F8F}
	EndGlobalSection
EndGlobal
